
Microsoft Visual Studio Solution File, Format Version 12.00
# Visual Studio Version 16
VisualStudioVersion = 16.0.32002.261
MinimumVisualStudioVersion = 10.0.40219.1
Project("{FAE04EC0-301F-11D3-BF4B-00C04F79EFBC}") = "JogoXadrez", "JogoXadrez\JogoXadrez.csproj", "{5EB0C27E-AA1C-498B-919A-EB224912CC8E}"
EndProject
Global
	GlobalSection(SolutionConfigurationPlatforms) = preSolution
		Debug|Any CPU = Debug|Any CPU
		Release|Any CPU = Release|Any CPU
	EndGlobalSection
	GlobalSection(ProjectConfigurationPlatforms) = postSolution
		{5EB0C27E-AA1C-498B-919A-EB224912CC8E}.Debug|Any CPU.ActiveCfg = Debug|Any CPU
		{5EB0C27E-AA1C-498B-919A-EB224912CC8E}.Debug|Any CPU.Build.0 = Debug|Any CPU
		{5EB0C27E-AA1C-498B-919A-EB224912CC8E}.Release|Any CPU.ActiveCfg = Release|Any CPU
		{5EB0C27E-AA1C-498B-919A-EB224912CC8E}.Release|Any CPU.Build.0 = Release|Any CPU
	EndGlobalSection
	GlobalSection(SolutionProperties) = preSolution
		HideSolutionNode = FALSE
	EndGlobalSection
	GlobalSection(ExtensibilityGlobals) = postSolution
		SolutionGuid = {DB9D29E7-55C7-43AB-8F86-C4D2D0F5D8D3}
	EndGlobalSection
EndGlobal
